// !$*UTF8*$!
{
	archiveVersion = 1;
	classes = {
	};
	objectVersion = 50;
	objects = {

/* Begin PBXBuildFile section */
		022D2CCE224D51C300C9BC65 /* AppDelegate.swift in Sources */ = {isa = PBXBuildFile; fileRef = 022D2CCD224D51C300C9BC65 /* AppDelegate.swift */; };
		022D2CD0224D51C300C9BC65 /* ViewController.swift in Sources */ = {isa = PBXBuildFile; fileRef = 022D2CCF224D51C300C9BC65 /* ViewController.swift */; };
		022D2CD3224D51C300C9BC65 /* Main.storyboard in Resources */ = {isa = PBXBuildFile; fileRef = 022D2CD1224D51C300C9BC65 /* Main.storyboard */; };
		022D2CD5224D51C300C9BC65 /* Assets.xcassets in Resources */ = {isa = PBXBuildFile; fileRef = 022D2CD4224D51C300C9BC65 /* Assets.xcassets */; };
		022D2CD8224D51C300C9BC65 /* LaunchScreen.storyboard in Resources */ = {isa = PBXBuildFile; fileRef = 022D2CD6224D51C300C9BC65 /* LaunchScreen.storyboard */; };
		022D2CE3224D51C300C9BC65 /* GS_Sales_SIMTests.swift in Sources */ = {isa = PBXBuildFile; fileRef = 022D2CE2224D51C300C9BC65 /* GS_Sales_SIMTests.swift */; };
		022D2CEE224D51C400C9BC65 /* GS_Sales_SIMUITests.swift in Sources */ = {isa = PBXBuildFile; fileRef = 022D2CED224D51C400C9BC65 /* GS_Sales_SIMUITests.swift */; };
		02635540225BDF6E00687E08 /* SegundoCuadranteViewController.swift in Sources */ = {isa = PBXBuildFile; fileRef = 0263553F225BDF6E00687E08 /* SegundoCuadranteViewController.swift */; };
		02635542225BDF9E00687E08 /* PrimerCuadranteViewController.swift in Sources */ = {isa = PBXBuildFile; fileRef = 02635541225BDF9E00687E08 /* PrimerCuadranteViewController.swift */; };
		02635544225BDFBF00687E08 /* TercerCuadranteViewController.swift in Sources */ = {isa = PBXBuildFile; fileRef = 02635543225BDFBF00687E08 /* TercerCuadranteViewController.swift */; };
		02635546225BDFD800687E08 /* CuartoCuadranteViewController.swift in Sources */ = {isa = PBXBuildFile; fileRef = 02635545225BDFD800687E08 /* CuartoCuadranteViewController.swift */; };
		02635548225BDFFB00687E08 /* FinalPracticaViewController.swift in Sources */ = {isa = PBXBuildFile; fileRef = 02635547225BDFFB00687E08 /* FinalPracticaViewController.swift */; };
		0263554A225BE00700687E08 /* FinalRegistroViewController.swift in Sources */ = {isa = PBXBuildFile; fileRef = 02635549225BE00700687E08 /* FinalRegistroViewController.swift */; };
		A9C4134CEECDE1686DD49EE7 /* Pods_GS_Sales_SIMUITests.framework in Frameworks */ = {isa = PBXBuildFile; fileRef = BFEEE5DF6FFE0894DCC7E133 /* Pods_GS_Sales_SIMUITests.framework */; };
		C67EC5F997AAD25FD8482FE6 /* Pods_GS_Sales_SIM.framework in Frameworks */ = {isa = PBXBuildFile; fileRef = 360DF77A588EC3B45E54B4EE /* Pods_GS_Sales_SIM.framework */; };
		D94E8C5F210BDB410A5D736B /* Pods_GS_Sales_SIMTests.framework in Frameworks */ = {isa = PBXBuildFile; fileRef = 463F5C74FEDE2A1F56C57D57 /* Pods_GS_Sales_SIMTests.framework */; };
/* End PBXBuildFile section */

/* Begin PBXContainerItemProxy section */
		022D2CDF224D51C300C9BC65 /* PBXContainerItemProxy */ = {
			isa = PBXContainerItemProxy;
			containerPortal = 022D2CC2224D51C300C9BC65 /* Project object */;
			proxyType = 1;
			remoteGlobalIDString = 022D2CC9224D51C300C9BC65;
			remoteInfo = "GS Sales SIM";
		};
		022D2CEA224D51C300C9BC65 /* PBXContainerItemProxy */ = {
			isa = PBXContainerItemProxy;
			containerPortal = 022D2CC2224D51C300C9BC65 /* Project object */;
			proxyType = 1;
			remoteGlobalIDString = 022D2CC9224D51C300C9BC65;
			remoteInfo = "GS Sales SIM";
		};
/* End PBXContainerItemProxy section */

/* Begin PBXFileReference section */
		022D2CCA224D51C300C9BC65 /* GS Sales SIM.app */ = {isa = PBXFileReference; explicitFileType = wrapper.application; includeInIndex = 0; path = "GS Sales SIM.app"; sourceTree = BUILT_PRODUCTS_DIR; };
		022D2CCD224D51C300C9BC65 /* AppDelegate.swift */ = {isa = PBXFileReference; lastKnownFileType = sourcecode.swift; path = AppDelegate.swift; sourceTree = "<group>"; };
		022D2CCF224D51C300C9BC65 /* ViewController.swift */ = {isa = PBXFileReference; lastKnownFileType = sourcecode.swift; path = ViewController.swift; sourceTree = "<group>"; };
		022D2CD2224D51C300C9BC65 /* Base */ = {isa = PBXFileReference; lastKnownFileType = file.storyboard; name = Base; path = Base.lproj/Main.storyboard; sourceTree = "<group>"; };
		022D2CD4224D51C300C9BC65 /* Assets.xcassets */ = {isa = PBXFileReference; lastKnownFileType = folder.assetcatalog; path = Assets.xcassets; sourceTree = "<group>"; };
		022D2CD7224D51C300C9BC65 /* Base */ = {isa = PBXFileReference; lastKnownFileType = file.storyboard; name = Base; path = Base.lproj/LaunchScreen.storyboard; sourceTree = "<group>"; };
		022D2CD9224D51C300C9BC65 /* Info.plist */ = {isa = PBXFileReference; lastKnownFileType = text.plist.xml; path = Info.plist; sourceTree = "<group>"; };
		022D2CDE224D51C300C9BC65 /* GS Sales SIMTests.xctest */ = {isa = PBXFileReference; explicitFileType = wrapper.cfbundle; includeInIndex = 0; path = "GS Sales SIMTests.xctest"; sourceTree = BUILT_PRODUCTS_DIR; };
		022D2CE2224D51C300C9BC65 /* GS_Sales_SIMTests.swift */ = {isa = PBXFileReference; lastKnownFileType = sourcecode.swift; path = GS_Sales_SIMTests.swift; sourceTree = "<group>"; };
		022D2CE4224D51C300C9BC65 /* Info.plist */ = {isa = PBXFileReference; lastKnownFileType = text.plist.xml; path = Info.plist; sourceTree = "<group>"; };
		022D2CE9224D51C300C9BC65 /* GS Sales SIMUITests.xctest */ = {isa = PBXFileReference; explicitFileType = wrapper.cfbundle; includeInIndex = 0; path = "GS Sales SIMUITests.xctest"; sourceTree = BUILT_PRODUCTS_DIR; };
		022D2CED224D51C400C9BC65 /* GS_Sales_SIMUITests.swift */ = {isa = PBXFileReference; lastKnownFileType = sourcecode.swift; path = GS_Sales_SIMUITests.swift; sourceTree = "<group>"; };
		022D2CEF224D51C400C9BC65 /* Info.plist */ = {isa = PBXFileReference; lastKnownFileType = text.plist.xml; path = Info.plist; sourceTree = "<group>"; };
		0263553F225BDF6E00687E08 /* SegundoCuadranteViewController.swift */ = {isa = PBXFileReference; lastKnownFileType = sourcecode.swift; path = SegundoCuadranteViewController.swift; sourceTree = "<group>"; };
		02635541225BDF9E00687E08 /* PrimerCuadranteViewController.swift */ = {isa = PBXFileReference; lastKnownFileType = sourcecode.swift; path = PrimerCuadranteViewController.swift; sourceTree = "<group>"; };
		02635543225BDFBF00687E08 /* TercerCuadranteViewController.swift */ = {isa = PBXFileReference; lastKnownFileType = sourcecode.swift; path = TercerCuadranteViewController.swift; sourceTree = "<group>"; };
		02635545225BDFD800687E08 /* CuartoCuadranteViewController.swift */ = {isa = PBXFileReference; lastKnownFileType = sourcecode.swift; path = CuartoCuadranteViewController.swift; sourceTree = "<group>"; };
		02635547225BDFFB00687E08 /* FinalPracticaViewController.swift */ = {isa = PBXFileReference; lastKnownFileType = sourcecode.swift; path = FinalPracticaViewController.swift; sourceTree = "<group>"; };
		02635549225BE00700687E08 /* FinalRegistroViewController.swift */ = {isa = PBXFileReference; lastKnownFileType = sourcecode.swift; path = FinalRegistroViewController.swift; sourceTree = "<group>"; };
		360DF77A588EC3B45E54B4EE /* Pods_GS_Sales_SIM.framework */ = {isa = PBXFileReference; explicitFileType = wrapper.framework; includeInIndex = 0; path = Pods_GS_Sales_SIM.framework; sourceTree = BUILT_PRODUCTS_DIR; };
		463F5C74FEDE2A1F56C57D57 /* Pods_GS_Sales_SIMTests.framework */ = {isa = PBXFileReference; explicitFileType = wrapper.framework; includeInIndex = 0; path = Pods_GS_Sales_SIMTests.framework; sourceTree = BUILT_PRODUCTS_DIR; };
		4FEDFA65B05905F4AA7C8729 /* Pods-GS Sales SIM.debug.xcconfig */ = {isa = PBXFileReference; includeInIndex = 1; lastKnownFileType = text.xcconfig; name = "Pods-GS Sales SIM.debug.xcconfig"; path = "Pods/Target Support Files/Pods-GS Sales SIM/Pods-GS Sales SIM.debug.xcconfig"; sourceTree = "<group>"; };
		686ADEB0469799966C7C48A1 /* Pods-GS Sales SIMTests.release.xcconfig */ = {isa = PBXFileReference; includeInIndex = 1; lastKnownFileType = text.xcconfig; name = "Pods-GS Sales SIMTests.release.xcconfig"; path = "Pods/Target Support Files/Pods-GS Sales SIMTests/Pods-GS Sales SIMTests.release.xcconfig"; sourceTree = "<group>"; };
		81530B4BF4C173EA8856D9B3 /* Pods-GS Sales SIMTests.debug.xcconfig */ = {isa = PBXFileReference; includeInIndex = 1; lastKnownFileType = text.xcconfig; name = "Pods-GS Sales SIMTests.debug.xcconfig"; path = "Pods/Target Support Files/Pods-GS Sales SIMTests/Pods-GS Sales SIMTests.debug.xcconfig"; sourceTree = "<group>"; };
		BFEEE5DF6FFE0894DCC7E133 /* Pods_GS_Sales_SIMUITests.framework */ = {isa = PBXFileReference; explicitFileType = wrapper.framework; includeInIndex = 0; path = Pods_GS_Sales_SIMUITests.framework; sourceTree = BUILT_PRODUCTS_DIR; };
		EB753F4E7EC0315AFC96B66E /* Pods-GS Sales SIMUITests.debug.xcconfig */ = {isa = PBXFileReference; includeInIndex = 1; lastKnownFileType = text.xcconfig; name = "Pods-GS Sales SIMUITests.debug.xcconfig"; path = "Pods/Target Support Files/Pods-GS Sales SIMUITests/Pods-GS Sales SIMUITests.debug.xcconfig"; sourceTree = "<group>"; };
		EF43146AF8A595D31AE07205 /* Pods-GS Sales SIM.release.xcconfig */ = {isa = PBXFileReference; includeInIndex = 1; lastKnownFileType = text.xcconfig; name = "Pods-GS Sales SIM.release.xcconfig"; path = "Pods/Target Support Files/Pods-GS Sales SIM/Pods-GS Sales SIM.release.xcconfig"; sourceTree = "<group>"; };
		F9A81374D3B4CEE49B659329 /* Pods-GS Sales SIMUITests.release.xcconfig */ = {isa = PBXFileReference; includeInIndex = 1; lastKnownFileType = text.xcconfig; name = "Pods-GS Sales SIMUITests.release.xcconfig"; path = "Pods/Target Support Files/Pods-GS Sales SIMUITests/Pods-GS Sales SIMUITests.release.xcconfig"; sourceTree = "<group>"; };
/* End PBXFileReference section */

/* Begin PBXFrameworksBuildPhase section */
		022D2CC7224D51C300C9BC65 /* Frameworks */ = {
			isa = PBXFrameworksBuildPhase;
			buildActionMask = 2147483647;
			files = (
				C67EC5F997AAD25FD8482FE6 /* Pods_GS_Sales_SIM.framework in Frameworks */,
			);
			runOnlyForDeploymentPostprocessing = 0;
		};
		022D2CDB224D51C300C9BC65 /* Frameworks */ = {
			isa = PBXFrameworksBuildPhase;
			buildActionMask = 2147483647;
			files = (
				D94E8C5F210BDB410A5D736B /* Pods_GS_Sales_SIMTests.framework in Frameworks */,
			);
			runOnlyForDeploymentPostprocessing = 0;
		};
		022D2CE6224D51C300C9BC65 /* Frameworks */ = {
			isa = PBXFrameworksBuildPhase;
			buildActionMask = 2147483647;
			files = (
				A9C4134CEECDE1686DD49EE7 /* Pods_GS_Sales_SIMUITests.framework in Frameworks */,
			);
			runOnlyForDeploymentPostprocessing = 0;
		};
/* End PBXFrameworksBuildPhase section */

/* Begin PBXGroup section */
		022D2CC1224D51C300C9BC65 = {
			isa = PBXGroup;
			children = (
				022D2CCC224D51C300C9BC65 /* GS Sales SIM */,
				022D2CE1224D51C300C9BC65 /* GS Sales SIMTests */,
				022D2CEC224D51C400C9BC65 /* GS Sales SIMUITests */,
				022D2CCB224D51C300C9BC65 /* Products */,
				89330A8F4F876D262F5F6DB8 /* Pods */,
				E80CFC48CB96173554951548 /* Frameworks */,
			);
			sourceTree = "<group>";
		};
		022D2CCB224D51C300C9BC65 /* Products */ = {
			isa = PBXGroup;
			children = (
				022D2CCA224D51C300C9BC65 /* GS Sales SIM.app */,
				022D2CDE224D51C300C9BC65 /* GS Sales SIMTests.xctest */,
				022D2CE9224D51C300C9BC65 /* GS Sales SIMUITests.xctest */,
			);
			name = Products;
			sourceTree = "<group>";
		};
		022D2CCC224D51C300C9BC65 /* GS Sales SIM */ = {
			isa = PBXGroup;
			children = (
				022D2CCD224D51C300C9BC65 /* AppDelegate.swift */,
				022D2CCF224D51C300C9BC65 /* ViewController.swift */,
				022D2CD1224D51C300C9BC65 /* Main.storyboard */,
				02635547225BDFFB00687E08 /* FinalPracticaViewController.swift */,
				02635549225BE00700687E08 /* FinalRegistroViewController.swift */,
				02635545225BDFD800687E08 /* CuartoCuadranteViewController.swift */,
				02635543225BDFBF00687E08 /* TercerCuadranteViewController.swift */,
				02635541225BDF9E00687E08 /* PrimerCuadranteViewController.swift */,
				0263553F225BDF6E00687E08 /* SegundoCuadranteViewController.swift */,
				022D2CD4224D51C300C9BC65 /* Assets.xcassets */,
				022D2CD6224D51C300C9BC65 /* LaunchScreen.storyboard */,
				022D2CD9224D51C300C9BC65 /* Info.plist */,
			);
			path = "GS Sales SIM";
			sourceTree = "<group>";
		};
		022D2CE1224D51C300C9BC65 /* GS Sales SIMTests */ = {
			isa = PBXGroup;
			children = (
				022D2CE2224D51C300C9BC65 /* GS_Sales_SIMTests.swift */,
				022D2CE4224D51C300C9BC65 /* Info.plist */,
			);
			path = "GS Sales SIMTests";
			sourceTree = "<group>";
		};
		022D2CEC224D51C400C9BC65 /* GS Sales SIMUITests */ = {
			isa = PBXGroup;
			children = (
				022D2CED224D51C400C9BC65 /* GS_Sales_SIMUITests.swift */,
				022D2CEF224D51C400C9BC65 /* Info.plist */,
			);
			path = "GS Sales SIMUITests";
			sourceTree = "<group>";
		};
		89330A8F4F876D262F5F6DB8 /* Pods */ = {
			isa = PBXGroup;
			children = (
				4FEDFA65B05905F4AA7C8729 /* Pods-GS Sales SIM.debug.xcconfig */,
				EF43146AF8A595D31AE07205 /* Pods-GS Sales SIM.release.xcconfig */,
				81530B4BF4C173EA8856D9B3 /* Pods-GS Sales SIMTests.debug.xcconfig */,
				686ADEB0469799966C7C48A1 /* Pods-GS Sales SIMTests.release.xcconfig */,
				EB753F4E7EC0315AFC96B66E /* Pods-GS Sales SIMUITests.debug.xcconfig */,
				F9A81374D3B4CEE49B659329 /* Pods-GS Sales SIMUITests.release.xcconfig */,
			);
			name = Pods;
			sourceTree = "<group>";
		};
		E80CFC48CB96173554951548 /* Frameworks */ = {
			isa = PBXGroup;
			children = (
				360DF77A588EC3B45E54B4EE /* Pods_GS_Sales_SIM.framework */,
				463F5C74FEDE2A1F56C57D57 /* Pods_GS_Sales_SIMTests.framework */,
				BFEEE5DF6FFE0894DCC7E133 /* Pods_GS_Sales_SIMUITests.framework */,
			);
			name = Frameworks;
			sourceTree = "<group>";
		};
/* End PBXGroup section */

/* Begin PBXNativeTarget section */
		022D2CC9224D51C300C9BC65 /* GS Sales SIM */ = {
			isa = PBXNativeTarget;
			buildConfigurationList = 022D2CF2224D51C400C9BC65 /* Build configuration list for PBXNativeTarget "GS Sales SIM" */;
			buildPhases = (
				36805C81B7A8D1B7561254BA /* [CP] Check Pods Manifest.lock */,
				022D2CC6224D51C300C9BC65 /* Sources */,
				022D2CC7224D51C300C9BC65 /* Frameworks */,
				022D2CC8224D51C300C9BC65 /* Resources */,
				2D59FBD13862F0BD4F22A1C3 /* [CP] Embed Pods Frameworks */,
			);
			buildRules = (
			);
			dependencies = (
			);
			name = "GS Sales SIM";
			productName = "GS Sales SIM";
			productReference = 022D2CCA224D51C300C9BC65 /* GS Sales SIM.app */;
			productType = "com.apple.product-type.application";
		};
		022D2CDD224D51C300C9BC65 /* GS Sales SIMTests */ = {
			isa = PBXNativeTarget;
			buildConfigurationList = 022D2CF5224D51C400C9BC65 /* Build configuration list for PBXNativeTarget "GS Sales SIMTests" */;
			buildPhases = (
				D3A9A86E8949DD79DED63D1B /* [CP] Check Pods Manifest.lock */,
				022D2CDA224D51C300C9BC65 /* Sources */,
				022D2CDB224D51C300C9BC65 /* Frameworks */,
				022D2CDC224D51C300C9BC65 /* Resources */,
			);
			buildRules = (
			);
			dependencies = (
				022D2CE0224D51C300C9BC65 /* PBXTargetDependency */,
			);
			name = "GS Sales SIMTests";
			productName = "GS Sales SIMTests";
			productReference = 022D2CDE224D51C300C9BC65 /* GS Sales SIMTests.xctest */;
			productType = "com.apple.product-type.bundle.unit-test";
		};
		022D2CE8224D51C300C9BC65 /* GS Sales SIMUITests */ = {
			isa = PBXNativeTarget;
			buildConfigurationList = 022D2CF8224D51C400C9BC65 /* Build configuration list for PBXNativeTarget "GS Sales SIMUITests" */;
			buildPhases = (
				79190610379CEC64D323D26A /* [CP] Check Pods Manifest.lock */,
				022D2CE5224D51C300C9BC65 /* Sources */,
				022D2CE6224D51C300C9BC65 /* Frameworks */,
				022D2CE7224D51C300C9BC65 /* Resources */,
			);
			buildRules = (
			);
			dependencies = (
				022D2CEB224D51C300C9BC65 /* PBXTargetDependency */,
			);
			name = "GS Sales SIMUITests";
			productName = "GS Sales SIMUITests";
			productReference = 022D2CE9224D51C300C9BC65 /* GS Sales SIMUITests.xctest */;
			productType = "com.apple.product-type.bundle.ui-testing";
		};
/* End PBXNativeTarget section */

/* Begin PBXProject section */
		022D2CC2224D51C300C9BC65 /* Project object */ = {
			isa = PBXProject;
			attributes = {
				LastSwiftUpdateCheck = 1020;
				LastUpgradeCheck = 1020;
				ORGANIZATIONNAME = "Paola Garzón";
				TargetAttributes = {
					022D2CC9224D51C300C9BC65 = {
						CreatedOnToolsVersion = 10.2;
					};
					022D2CDD224D51C300C9BC65 = {
						CreatedOnToolsVersion = 10.2;
						TestTargetID = 022D2CC9224D51C300C9BC65;
					};
					022D2CE8224D51C300C9BC65 = {
						CreatedOnToolsVersion = 10.2;
						TestTargetID = 022D2CC9224D51C300C9BC65;
					};
				};
			};
			buildConfigurationList = 022D2CC5224D51C300C9BC65 /* Build configuration list for PBXProject "GS Sales SIM" */;
			compatibilityVersion = "Xcode 9.3";
			developmentRegion = en;
			hasScannedForEncodings = 0;
			knownRegions = (
				en,
				Base,
			);
			mainGroup = 022D2CC1224D51C300C9BC65;
			productRefGroup = 022D2CCB224D51C300C9BC65 /* Products */;
			projectDirPath = "";
			projectRoot = "";
			targets = (
				022D2CC9224D51C300C9BC65 /* GS Sales SIM */,
				022D2CDD224D51C300C9BC65 /* GS Sales SIMTests */,
				022D2CE8224D51C300C9BC65 /* GS Sales SIMUITests */,
			);
		};
/* End PBXProject section */

/* Begin PBXResourcesBuildPhase section */
		022D2CC8224D51C300C9BC65 /* Resources */ = {
			isa = PBXResourcesBuildPhase;
			buildActionMask = 2147483647;
			files = (
				022D2CD8224D51C300C9BC65 /* LaunchScreen.storyboard in Resources */,
				022D2CD5224D51C300C9BC65 /* Assets.xcassets in Resources */,
				022D2CD3224D51C300C9BC65 /* Main.storyboard in Resources */,
			);
			runOnlyForDeploymentPostprocessing = 0;
		};
		022D2CDC224D51C300C9BC65 /* Resources */ = {
			isa = PBXResourcesBuildPhase;
			buildActionMask = 2147483647;
			files = (
			);
			runOnlyForDeploymentPostprocessing = 0;
		};
		022D2CE7224D51C300C9BC65 /* Resources */ = {
			isa = PBXResourcesBuildPhase;
			buildActionMask = 2147483647;
			files = (
			);
			runOnlyForDeploymentPostprocessing = 0;
		};
/* End PBXResourcesBuildPhase section */

/* Begin PBXShellScriptBuildPhase section */
		2D59FBD13862F0BD4F22A1C3 /* [CP] Embed Pods Frameworks */ = {
			isa = PBXShellScriptBuildPhase;
			buildActionMask = 2147483647;
			files = (
			);
			inputPaths = (
				"${SRCROOT}/Pods/Target Support Files/Pods-GS Sales SIM/Pods-GS Sales SIM-frameworks.sh",
				"${BUILT_PRODUCTS_DIR}/Charts/Charts.framework",
			);
			name = "[CP] Embed Pods Frameworks";
			outputPaths = (
				"${TARGET_BUILD_DIR}/${FRAMEWORKS_FOLDER_PATH}/Charts.framework",
			);
			runOnlyForDeploymentPostprocessing = 0;
			shellPath = /bin/sh;
			shellScript = "\"${SRCROOT}/Pods/Target Support Files/Pods-GS Sales SIM/Pods-GS Sales SIM-frameworks.sh\"\n";
			showEnvVarsInLog = 0;
		};
		36805C81B7A8D1B7561254BA /* [CP] Check Pods Manifest.lock */ = {
			isa = PBXShellScriptBuildPhase;
			buildActionMask = 2147483647;
			files = (
			);
			inputPaths = (
				"${PODS_PODFILE_DIR_PATH}/Podfile.lock",
				"${PODS_ROOT}/Manifest.lock",
			);
			name = "[CP] Check Pods Manifest.lock";
			outputPaths = (
				"$(DERIVED_FILE_DIR)/Pods-GS Sales SIM-checkManifestLockResult.txt",
			);
			runOnlyForDeploymentPostprocessing = 0;
			shellPath = /bin/sh;
			shellScript = "diff \"${PODS_PODFILE_DIR_PATH}/Podfile.lock\" \"${PODS_ROOT}/Manifest.lock\" > /dev/null\nif [ $? != 0 ] ; then\n    # print error to STDERR\n    echo \"error: The sandbox is not in sync with the Podfile.lock. Run 'pod install' or update your CocoaPods installation.\" >&2\n    exit 1\nfi\n# This output is used by Xcode 'outputs' to avoid re-running this script phase.\necho \"SUCCESS\" > \"${SCRIPT_OUTPUT_FILE_0}\"\n";
			showEnvVarsInLog = 0;
		};
		79190610379CEC64D323D26A /* [CP] Check Pods Manifest.lock */ = {
			isa = PBXShellScriptBuildPhase;
			buildActionMask = 2147483647;
			files = (
			);
			inputPaths = (
				"${PODS_PODFILE_DIR_PATH}/Podfile.lock",
				"${PODS_ROOT}/Manifest.lock",
			);
			name = "[CP] Check Pods Manifest.lock";
			outputPaths = (
				"$(DERIVED_FILE_DIR)/Pods-GS Sales SIMUITests-checkManifestLockResult.txt",
			);
			runOnlyForDeploymentPostprocessing = 0;
			shellPath = /bin/sh;
			shellScript = "diff \"${PODS_PODFILE_DIR_PATH}/Podfile.lock\" \"${PODS_ROOT}/Manifest.lock\" > /dev/null\nif [ $? != 0 ] ; then\n    # print error to STDERR\n    echo \"error: The sandbox is not in sync with the Podfile.lock. Run 'pod install' or update your CocoaPods installation.\" >&2\n    exit 1\nfi\n# This output is used by Xcode 'outputs' to avoid re-running this script phase.\necho \"SUCCESS\" > \"${SCRIPT_OUTPUT_FILE_0}\"\n";
			showEnvVarsInLog = 0;
		};
		D3A9A86E8949DD79DED63D1B /* [CP] Check Pods Manifest.lock */ = {
			isa = PBXShellScriptBuildPhase;
			buildActionMask = 2147483647;
			files = (
			);
			inputPaths = (
				"${PODS_PODFILE_DIR_PATH}/Podfile.lock",
				"${PODS_ROOT}/Manifest.lock",
			);
			name = "[CP] Check Pods Manifest.lock";
			outputPaths = (
				"$(DERIVED_FILE_DIR)/Pods-GS Sales SIMTests-checkManifestLockResult.txt",
			);
			runOnlyForDeploymentPostprocessing = 0;
			shellPath = /bin/sh;
			shellScript = "diff \"${PODS_PODFILE_DIR_PATH}/Podfile.lock\" \"${PODS_ROOT}/Manifest.lock\" > /dev/null\nif [ $? != 0 ] ; then\n    # print error to STDERR\n    echo \"error: The sandbox is not in sync with the Podfile.lock. Run 'pod install' or update your CocoaPods installation.\" >&2\n    exit 1\nfi\n# This output is used by Xcode 'outputs' to avoid re-running this script phase.\necho \"SUCCESS\" > \"${SCRIPT_OUTPUT_FILE_0}\"\n";
			showEnvVarsInLog = 0;
		};
/* End PBXShellScriptBuildPhase section */

/* Begin PBXSourcesBuildPhase section */
		022D2CC6224D51C300C9BC65 /* Sources */ = {
			isa = PBXSourcesBuildPhase;
			buildActionMask = 2147483647;
			files = (
				02635548225BDFFB00687E08 /* FinalPracticaViewController.swift in Sources */,
				022D2CD0224D51C300C9BC65 /* ViewController.swift in Sources */,
				02635540225BDF6E00687E08 /* SegundoCuadranteViewController.swift in Sources */,
				02635546225BDFD800687E08 /* CuartoCuadranteViewController.swift in Sources */,
				0263554A225BE00700687E08 /* FinalRegistroViewController.swift in Sources */,
				022D2CCE224D51C300C9BC65 /* AppDelegate.swift in Sources */,
				02635542225BDF9E00687E08 /* PrimerCuadranteViewController.swift in Sources */,
				02635544225BDFBF00687E08 /* TercerCuadranteViewController.swift in Sources */,
			);
			runOnlyForDeploymentPostprocessing = 0;
		};
		022D2CDA224D51C300C9BC65 /* Sources */ = {
			isa = PBXSourcesBuildPhase;
			buildActionMask = 2147483647;
			files = (
				022D2CE3224D51C300C9BC65 /* GS_Sales_SIMTests.swift in Sources */,
			);
			runOnlyForDeploymentPostprocessing = 0;
		};
		022D2CE5224D51C300C9BC65 /* Sources */ = {
			isa = PBXSourcesBuildPhase;
			buildActionMask = 2147483647;
			files = (
				022D2CEE224D51C400C9BC65 /* GS_Sales_SIMUITests.swift in Sources */,
			);
			runOnlyForDeploymentPostprocessing = 0;
		};
/* End PBXSourcesBuildPhase section */

/* Begin PBXTargetDependency section */
		022D2CE0224D51C300C9BC65 /* PBXTargetDependency */ = {
			isa = PBXTargetDependency;
			target = 022D2CC9224D51C300C9BC65 /* GS Sales SIM */;
			targetProxy = 022D2CDF224D51C300C9BC65 /* PBXContainerItemProxy */;
		};
		022D2CEB224D51C300C9BC65 /* PBXTargetDependency */ = {
			isa = PBXTargetDependency;
			target = 022D2CC9224D51C300C9BC65 /* GS Sales SIM */;
			targetProxy = 022D2CEA224D51C300C9BC65 /* PBXContainerItemProxy */;
		};
/* End PBXTargetDependency section */

/* Begin PBXVariantGroup section */
		022D2CD1224D51C300C9BC65 /* Main.storyboard */ = {
			isa = PBXVariantGroup;
			children = (
				022D2CD2224D51C300C9BC65 /* Base */,
			);
			name = Main.storyboard;
			sourceTree = "<group>";
		};
		022D2CD6224D51C300C9BC65 /* LaunchScreen.storyboard */ = {
			isa = PBXVariantGroup;
			children = (
				022D2CD7224D51C300C9BC65 /* Base */,
			);
			name = LaunchScreen.storyboard;
			sourceTree = "<group>";
		};
/* End PBXVariantGroup section */

/* Begin XCBuildConfiguration section */
		022D2CF0224D51C400C9BC65 /* Debug */ = {
			isa = XCBuildConfiguration;
			buildSettings = {
				ALWAYS_SEARCH_USER_PATHS = NO;
				CLANG_ANALYZER_NONNULL = YES;
				CLANG_ANALYZER_NUMBER_OBJECT_CONVERSION = YES_AGGRESSIVE;
				CLANG_CXX_LANGUAGE_STANDARD = "gnu++14";
				CLANG_CXX_LIBRARY = "libc++";
				CLANG_ENABLE_MODULES = YES;
				CLANG_ENABLE_OBJC_ARC = YES;
				CLANG_ENABLE_OBJC_WEAK = YES;
				CLANG_WARN_BLOCK_CAPTURE_AUTORELEASING = YES;
				CLANG_WARN_BOOL_CONVERSION = YES;
				CLANG_WARN_COMMA = YES;
				CLANG_WARN_CONSTANT_CONVERSION = YES;
				CLANG_WARN_DEPRECATED_OBJC_IMPLEMENTATIONS = YES;
				CLANG_WARN_DIRECT_OBJC_ISA_USAGE = YES_ERROR;
				CLANG_WARN_DOCUMENTATION_COMMENTS = YES;
				CLANG_WARN_EMPTY_BODY = YES;
				CLANG_WARN_ENUM_CONVERSION = YES;
				CLANG_WARN_INFINITE_RECURSION = YES;
				CLANG_WARN_INT_CONVERSION = YES;
				CLANG_WARN_NON_LITERAL_NULL_CONVERSION = YES;
				CLANG_WARN_OBJC_IMPLICIT_RETAIN_SELF = YES;
				CLANG_WARN_OBJC_LITERAL_CONVERSION = YES;
				CLANG_WARN_OBJC_ROOT_CLASS = YES_ERROR;
				CLANG_WARN_RANGE_LOOP_ANALYSIS = YES;
				CLANG_WARN_STRICT_PROTOTYPES = YES;
				CLANG_WARN_SUSPICIOUS_MOVE = YES;
				CLANG_WARN_UNGUARDED_AVAILABILITY = YES_AGGRESSIVE;
				CLANG_WARN_UNREACHABLE_CODE = YES;
				CLANG_WARN__DUPLICATE_METHOD_MATCH = YES;
				CODE_SIGN_IDENTITY = "iPhone Developer";
				COPY_PHASE_STRIP = NO;
				DEBUG_INFORMATION_FORMAT = dwarf;
				ENABLE_STRICT_OBJC_MSGSEND = YES;
				ENABLE_TESTABILITY = YES;
				GCC_C_LANGUAGE_STANDARD = gnu11;
				GCC_DYNAMIC_NO_PIC = NO;
				GCC_NO_COMMON_BLOCKS = YES;
				GCC_OPTIMIZATION_LEVEL = 0;
				GCC_PREPROCESSOR_DEFINITIONS = (
					"DEBUG=1",
					"$(inherited)",
				);
				GCC_WARN_64_TO_32_BIT_CONVERSION = YES;
				GCC_WARN_ABOUT_RETURN_TYPE = YES_ERROR;
				GCC_WARN_UNDECLARED_SELECTOR = YES;
				GCC_WARN_UNINITIALIZED_AUTOS = YES_AGGRESSIVE;
				GCC_WARN_UNUSED_FUNCTION = YES;
				GCC_WARN_UNUSED_VARIABLE = YES;
				IPHONEOS_DEPLOYMENT_TARGET = 12.2;
				MTL_ENABLE_DEBUG_INFO = INCLUDE_SOURCE;
				MTL_FAST_MATH = YES;
				ONLY_ACTIVE_ARCH = YES;
				SDKROOT = iphoneos;
				SWIFT_ACTIVE_COMPILATION_CONDITIONS = DEBUG;
				SWIFT_OPTIMIZATION_LEVEL = "-Onone";
			};
			name = Debug;
		};
		022D2CF1224D51C400C9BC65 /* Release */ = {
			isa = XCBuildConfiguration;
			buildSettings = {
				ALWAYS_SEARCH_USER_PATHS = NO;
				CLANG_ANALYZER_NONNULL = YES;
				CLANG_ANALYZER_NUMBER_OBJECT_CONVERSION = YES_AGGRESSIVE;
				CLANG_CXX_LANGUAGE_STANDARD = "gnu++14";
				CLANG_CXX_LIBRARY = "libc++";
				CLANG_ENABLE_MODULES = YES;
				CLANG_ENABLE_OBJC_ARC = YES;
				CLANG_ENABLE_OBJC_WEAK = YES;
				CLANG_WARN_BLOCK_CAPTURE_AUTORELEASING = YES;
				CLANG_WARN_BOOL_CONVERSION = YES;
				CLANG_WARN_COMMA = YES;
				CLANG_WARN_CONSTANT_CONVERSION = YES;
				CLANG_WARN_DEPRECATED_OBJC_IMPLEMENTATIONS = YES;
				CLANG_WARN_DIRECT_OBJC_ISA_USAGE = YES_ERROR;
				CLANG_WARN_DOCUMENTATION_COMMENTS = YES;
				CLANG_WARN_EMPTY_BODY = YES;
				CLANG_WARN_ENUM_CONVERSION = YES;
				CLANG_WARN_INFINITE_RECURSION = YES;
				CLANG_WARN_INT_CONVERSION = YES;
				CLANG_WARN_NON_LITERAL_NULL_CONVERSION = YES;
				CLANG_WARN_OBJC_IMPLICIT_RETAIN_SELF = YES;
				CLANG_WARN_OBJC_LITERAL_CONVERSION = YES;
				CLANG_WARN_OBJC_ROOT_CLASS = YES_ERROR;
				CLANG_WARN_RANGE_LOOP_ANALYSIS = YES;
				CLANG_WARN_STRICT_PROTOTYPES = YES;
				CLANG_WARN_SUSPICIOUS_MOVE = YES;
				CLANG_WARN_UNGUARDED_AVAILABILITY = YES_AGGRESSIVE;
				CLANG_WARN_UNREACHABLE_CODE = YES;
				CLANG_WARN__DUPLICATE_METHOD_MATCH = YES;
				CODE_SIGN_IDENTITY = "iPhone Developer";
				COPY_PHASE_STRIP = NO;
				DEBUG_INFORMATION_FORMAT = "dwarf-with-dsym";
				ENABLE_NS_ASSERTIONS = NO;
				ENABLE_STRICT_OBJC_MSGSEND = YES;
				GCC_C_LANGUAGE_STANDARD = gnu11;
				GCC_NO_COMMON_BLOCKS = YES;
				GCC_WARN_64_TO_32_BIT_CONVERSION = YES;
				GCC_WARN_ABOUT_RETURN_TYPE = YES_ERROR;
				GCC_WARN_UNDECLARED_SELECTOR = YES;
				GCC_WARN_UNINITIALIZED_AUTOS = YES_AGGRESSIVE;
				GCC_WARN_UNUSED_FUNCTION = YES;
				GCC_WARN_UNUSED_VARIABLE = YES;
				IPHONEOS_DEPLOYMENT_TARGET = 12.2;
				MTL_ENABLE_DEBUG_INFO = NO;
				MTL_FAST_MATH = YES;
				SDKROOT = iphoneos;
				SWIFT_COMPILATION_MODE = wholemodule;
				SWIFT_OPTIMIZATION_LEVEL = "-O";
				VALIDATE_PRODUCT = YES;
			};
			name = Release;
		};
		022D2CF3224D51C400C9BC65 /* Debug */ = {
			isa = XCBuildConfiguration;
			baseConfigurationReference = 4FEDFA65B05905F4AA7C8729 /* Pods-GS Sales SIM.debug.xcconfig */;
			buildSettings = {
				ASSETCATALOG_COMPILER_APPICON_NAME = AppIcon;
				CODE_SIGN_STYLE = Automatic;
				INFOPLIST_FILE = "GS Sales SIM/Info.plist";
				LD_RUNPATH_SEARCH_PATHS = (
					"$(inherited)",
					"@executable_path/Frameworks",
				);
				PRODUCT_BUNDLE_IDENTIFIER = "a.GS-Sales-SIM";
				PRODUCT_NAME = "$(TARGET_NAME)";
				SWIFT_VERSION = 4.2;
				TARGETED_DEVICE_FAMILY = 2;
			};
			name = Debug;
		};
		022D2CF4224D51C400C9BC65 /* Release */ = {
			isa = XCBuildConfiguration;
			baseConfigurationReference = EF43146AF8A595D31AE07205 /* Pods-GS Sales SIM.release.xcconfig */;
			buildSettings = {
				ASSETCATALOG_COMPILER_APPICON_NAME = AppIcon;
				CODE_SIGN_STYLE = Automatic;
				INFOPLIST_FILE = "GS Sales SIM/Info.plist";
				LD_RUNPATH_SEARCH_PATHS = (
					"$(inherited)",
					"@executable_path/Frameworks",
				);
				PRODUCT_BUNDLE_IDENTIFIER = "a.GS-Sales-SIM";
				PRODUCT_NAME = "$(TARGET_NAME)";
				SWIFT_VERSION = 4.2;
				TARGETED_DEVICE_FAMILY = 2;
			};
			name = Release;
		};
		022D2CF6224D51C400C9BC65 /* Debug */ = {
			isa = XCBuildConfiguration;
			baseConfigurationReference = 81530B4BF4C173EA8856D9B3 /* Pods-GS Sales SIMTests.debug.xcconfig */;
			buildSettings = {
				ALWAYS_EMBED_SWIFT_STANDARD_LIBRARIES = YES;
				BUNDLE_LOADER = "$(TEST_HOST)";
				CODE_SIGN_STYLE = Automatic;
				INFOPLIST_FILE = "GS Sales SIMTests/Info.plist";
				LD_RUNPATH_SEARCH_PATHS = (
					"$(inherited)",
					"@executable_path/Frameworks",
					"@loader_path/Frameworks",
				);
				PRODUCT_BUNDLE_IDENTIFIER = "a.GS-Sales-SIMTests";
				PRODUCT_NAME = "$(TARGET_NAME)";
				SWIFT_VERSION = 5.0;
				TARGETED_DEVICE_FAMILY = "1,2";
				TEST_HOST = "$(BUILT_PRODUCTS_DIR)/GS Sales SIM.app/GS Sales SIM";
			};
			name = Debug;
		};
		022D2CF7224D51C400C9BC65 /* Release */ = {
			isa = XCBuildConfiguration;
			baseConfigurationReference = 686ADEB0469799966C7C48A1 /* Pods-GS Sales SIMTests.release.xcconfig */;
			buildSettings = {
				ALWAYS_EMBED_SWIFT_STANDARD_LIBRARIES = YES;
				BUNDLE_LOADER = "$(TEST_HOST)";
				CODE_SIGN_STYLE = Automatic;
				INFOPLIST_FILE = "GS Sales SIMTests/Info.plist";
				LD_RUNPATH_SEARCH_PATHS = (
					"$(inherited)",
					"@executable_path/Frameworks",
					"@loader_path/Frameworks",
				);
				PRODUCT_BUNDLE_IDENTIFIER = "a.GS-Sales-SIMTests";
				PRODUCT_NAME = "$(TARGET_NAME)";
				SWIFT_VERSION = 5.0;
				TARGETED_DEVICE_FAMILY = "1,2";
				TEST_HOST = "$(BUILT_PRODUCTS_DIR)/GS Sales SIM.app/GS Sales SIM";
			};
			name = Release;
		};
		022D2CF9224D51C400C9BC65 /* Debug */ = {
			isa = XCBuildConfiguration;
			baseConfigurationReference = EB753F4E7EC0315AFC96B66E /* Pods-GS Sales SIMUITests.debug.xcconfig */;
			buildSettings = {
				ALWAYS_EMBED_SWIFT_STANDARD_LIBRARIES = YES;
				CODE_SIGN_STYLE = Automatic;
				INFOPLIST_FILE = "GS Sales SIMUITests/Info.plist";
				LD_RUNPATH_SEARCH_PATHS = (
					"$(inherited)",
					"@executable_path/Frameworks",
					"@loader_path/Frameworks",
				);
				PRODUCT_BUNDLE_IDENTIFIER = "a.GS-Sales-SIMUITests";
				PRODUCT_NAME = "$(TARGET_NAME)";
				SWIFT_VERSION = 5.0;
				TARGETED_DEVICE_FAMILY = "1,2";
				TEST_TARGET_NAME = "GS Sales SIM";
			};
			name = Debug;
		};
		022D2CFA224D51C400C9BC65 /* Release */ = {
			isa = XCBuildConfiguration;
			baseConfigurationReference = F9A81374D3B4CEE49B659329 /* Pods-GS Sales SIMUITests.release.xcconfig */;
			buildSettings = {
				ALWAYS_EMBED_SWIFT_STANDARD_LIBRARIES = YES;
				CODE_SIGN_STYLE = Automatic;
				INFOPLIST_FILE = "GS Sales SIMUITests/Info.plist";
				LD_RUNPATH_SEARCH_PATHS = (
					"$(inherited)",
					"@executable_path/Frameworks",
					"@loader_path/Frameworks",
				);
				PRODUCT_BUNDLE_IDENTIFIER = "a.GS-Sales-SIMUITests";
				PRODUCT_NAME = "$(TARGET_NAME)";
				SWIFT_VERSION = 5.0;
				TARGETED_DEVICE_FAMILY = "1,2";
				TEST_TARGET_NAME = "GS Sales SIM";
			};
			name = Release;
		};
/* End XCBuildConfiguration section */

/* Begin XCConfigurationList section */
		022D2CC5224D51C300C9BC65 /* Build configuration list for PBXProject "GS Sales SIM" */ = {
			isa = XCConfigurationList;
			buildConfigurations = (
				022D2CF0224D51C400C9BC65 /* Debug */,
				022D2CF1224D51C400C9BC65 /* Release */,
			);
			defaultConfigurationIsVisible = 0;
			defaultConfigurationName = Release;
		};
		022D2CF2224D51C400C9BC65 /* Build configuration list for PBXNativeTarget "GS Sales SIM" */ = {
			isa = XCConfigurationList;
			buildConfigurations = (
				022D2CF3224D51C400C9BC65 /* Debug */,
				022D2CF4224D51C400C9BC65 /* Release */,
			);
			defaultConfigurationIsVisible = 0;
			defaultConfigurationName = Release;
		};
		022D2CF5224D51C400C9BC65 /* Build configuration list for PBXNativeTarget "GS Sales SIMTests" */ = {
			isa = XCConfigurationList;
			buildConfigurations = (
				022D2CF6224D51C400C9BC65 /* Debug */,
				022D2CF7224D51C400C9BC65 /* Release */,
			);
			defaultConfigurationIsVisible = 0;
			defaultConfigurationName = Release;
		};
		022D2CF8224D51C400C9BC65 /* Build configuration list for PBXNativeTarget "GS Sales SIMUITests" */ = {
			isa = XCConfigurationList;
			buildConfigurations = (
				022D2CF9224D51C400C9BC65 /* Debug */,
				022D2CFA224D51C400C9BC65 /* Release */,
			);
			defaultConfigurationIsVisible = 0;
			defaultConfigurationName = Release;
		};
/* End XCConfigurationList section */
	};
	rootObject = 022D2CC2224D51C300C9BC65 /* Project object */;
}
